
Microsoft Visual Studio Solution File, Format Version 12.00
# Visual Studio Version 16
VisualStudioVersion = 16.0.32901.82
MinimumVisualStudioVersion = 10.0.40219.1
Project("{FAE04EC0-301F-11D3-BF4B-00C04F79EFBC}") = "CapaVista", "CapaVista\CapaVista.csproj", "{B41E0076-229B-4F07-9B57-7BE9F4F38178}"
EndProject
Project("{FAE04EC0-301F-11D3-BF4B-00C04F79EFBC}") = "CapaControlador", "CapaControlador\CapaControlador.csproj", "{C2E22767-197C-4DF2-938B-50D4516A0975}"
EndProject
Project("{FAE04EC0-301F-11D3-BF4B-00C04F79EFBC}") = "CapaModelo", "CapaModelo\CapaModelo.csproj", "{615073AB-DA24-4DC6-90D6-0F62629D8AD2}"
EndProject
Global
	GlobalSection(SolutionConfigurationPlatforms) = preSolution
		Debug|Any CPU = Debug|Any CPU
		Release|Any CPU = Release|Any CPU
	EndGlobalSection
	GlobalSection(ProjectConfigurationPlatforms) = postSolution
		{B41E0076-229B-4F07-9B57-7BE9F4F38178}.Debug|Any CPU.ActiveCfg = Debug|Any CPU
		{B41E0076-229B-4F07-9B57-7BE9F4F38178}.Debug|Any CPU.Build.0 = Debug|Any CPU
		{B41E0076-229B-4F07-9B57-7BE9F4F38178}.Release|Any CPU.ActiveCfg = Release|Any CPU
		{B41E0076-229B-4F07-9B57-7BE9F4F38178}.Release|Any CPU.Build.0 = Release|Any CPU
		{C2E22767-197C-4DF2-938B-50D4516A0975}.Debug|Any CPU.ActiveCfg = Debug|Any CPU
		{C2E22767-197C-4DF2-938B-50D4516A0975}.Debug|Any CPU.Build.0 = Debug|Any CPU
		{C2E22767-197C-4DF2-938B-50D4516A0975}.Release|Any CPU.ActiveCfg = Release|Any CPU
		{C2E22767-197C-4DF2-938B-50D4516A0975}.Release|Any CPU.Build.0 = Release|Any CPU
		{615073AB-DA24-4DC6-90D6-0F62629D8AD2}.Debug|Any CPU.ActiveCfg = Debug|Any CPU
		{615073AB-DA24-4DC6-90D6-0F62629D8AD2}.Debug|Any CPU.Build.0 = Debug|Any CPU
		{615073AB-DA24-4DC6-90D6-0F62629D8AD2}.Release|Any CPU.ActiveCfg = Release|Any CPU
		{615073AB-DA24-4DC6-90D6-0F62629D8AD2}.Release|Any CPU.Build.0 = Release|Any CPU
	EndGlobalSection
	GlobalSection(SolutionProperties) = preSolution
		HideSolutionNode = FALSE
	EndGlobalSection
	GlobalSection(ExtensibilityGlobals) = postSolution
		SolutionGuid = {4D6314C6-7FA1-4EA6-90AF-485BFB79B3E8}
	EndGlobalSection
EndGlobal
